{
    "_meta": {
        "hash": {
            "sha256": "92967bb807e364362a0d6bddcaaa0b9b4f7c891b3260c51ae99ba717ebff1d15"
        },
        "pipfile-spec": 6,
        "requires": {},
        "sources": [
            {
                "name": "pypi",
                "url": "https://pypi.python.org/simple",
                "verify_ssl": true
            }
        ]
    },
    "default": {
        "aniso8601": {
            "hashes": [
                "sha256:b8a6a9b24611fc50cf2d9b45d371bfdc4fd0581d1cc52254f5502130a776d4af",
                "sha256:bb167645c79f7a438f9dfab6161af9bed75508c645b1f07d1158240841d22673"
            ],
            "version": "==6.0.0"
        },
        "certifi": {
            "hashes": [
                "sha256:35824b4c3a97115964b408844d64aa14db1cc518f6562e8d7261699d1350a9e3",
                "sha256:4ad3232f5e926d6718ec31cfc1fcadfde020920e278684144551c91769c7bc18"
            ],
            "index": "pypi",
            "version": "==2022.12.7"
        },
        "chardet": {
            "hashes": [
                "sha256:84ab92ed1c4d4f16916e05906b6b75a6c0fb5db821cc65e70cbd64a3e2a5eaae",
                "sha256:fc323ffcaeaed0e0a02bf4d117757b98aed530d9ed4531e3e15460124c106691"
            ],
            "version": "==3.0.4"
        },
        "defusedxml": {
            "hashes": [
                "sha256:1bb3032db185915b62d7c6209c5a8792be6a32ab2fedacc84e01b52c51aa3e69",
                "sha256:a352e7e428770286cc899e2542b6cdaedb2b4953ff269a210103ec58f6198a61"
            ],
            "markers": "python_version >= '2.7' and python_version not in '3.0, 3.1, 3.2, 3.3, 3.4'",
            "version": "==0.7.1"
        },
        "django": {
            "hashes": [
                "sha256:16a5d54411599780ac9dfe3b9b38f90f785c51259a584e0b24b6f14a7f69aae8",
                "sha256:9a2f98211ab474c710fcdad29c82f30fc14ce9917c7a70c3682162a624de4035"
            ],
            "index": "pypi",
            "version": "==2.2.4"
        },
        "django-allauth": {
            "hashes": [
                "sha256:4444434c2f43188e16e0a7732c3638e12787ca7e5032f69b6d30b2912f53809e"
            ],
            "index": "pypi",
            "version": "==0.39.1"
        },
        "django-allow-cidr": {
            "hashes": [
                "sha256:d9a3b22c14e91c26ddd010c278ddf7e2c69a5421c862a3a3cd448ae57fd833e8",
                "sha256:e8708c0511a78b80d9b74f718ee46685a1425e6d3520143bd00c773fdca56cc7"
            ],
            "index": "pypi",
            "version": "==0.3.1"
        },
        "django-cors-headers": {
            "hashes": [
                "sha256:5b80bf0f8d7fc6e2bcb4f40781d5ff3661961bbf1982e52daec77241dea3b890",
                "sha256:ebf3e2cf25aa6993b959a8e6a87828ebb3c8fe5bc3ec4a2d6e65f3b8d9b4212c"
            ],
            "index": "pypi",
            "version": "==3.0.2"
        },
        "django-extensions": {
            "hashes": [
                "sha256:4aafdb865104eaa5d681b9976b36c52c9d441be89b7d782e40808f1c5c0c8f93",
                "sha256:8a2552fdeb222b23895ef52cdc28fc56efba976f6da07ca92937f6f5e626e345"
            ],
            "index": "pypi",
            "version": "==2.2.1"
        },
        "django-filter": {
            "hashes": [
                "sha256:558c727bce3ffa89c4a7a0b13bc8976745d63e5fd576b3a9a851650ef11c401b",
                "sha256:c3deb57f0dd7ff94d7dce52a047516822013e2b441bed472b722a317658cfd14"
            ],
            "index": "pypi",
            "version": "==2.2.0"
        },
        "django-graphql-jwt": {
            "hashes": [
                "sha256:6dcf9dd4990098e289d76ab4220edbf436a2e26dc6af1d4a526ac699ad93bf14"
            ],
            "index": "pypi",
            "version": "==0.2.1"
        },
        "django-webpack-loader": {
            "hashes": [
                "sha256:60bab6b9a037a5346fad12d2a70a6bc046afb33154cf75ed640b93d3ebd5f520",
                "sha256:970b968c2a8975fb7eff56a3bab5d0d90d396740852d1e0c50c5cfe2b824199a"
            ],
            "index": "pypi",
            "version": "==0.6.0"
        },
        "graphene": {
            "hashes": [
                "sha256:77d61618132ccd084c343e64c22d806cee18dce73cc86e0f427378dbdeeac287",
                "sha256:acf808d50d053b94f7958414d511489a9e490a7f9563b9be80f6875fc5723d2a"
            ],
            "index": "pypi",
            "version": "==2.1.7"
        },
        "graphene-django": {
            "hashes": [
                "sha256:3101e8a8353c6b13f33261f5b0437deb3d3614d1c44b2d56932b158e3660c0cd",
                "sha256:5714c5dd1200800ddc12d0782b0d82db70aedf387575e5b57ee2cdee4f25c681"
            ],
            "index": "pypi",
            "version": "==2.4.0"
        },
        "graphql-core": {
            "hashes": [
                "sha256:44c9bac4514e5e30c5a595fac8e3c76c1975cae14db215e8174c7fe995825bad",
                "sha256:aac46a9ac524c9855910c14c48fc5d60474def7f99fd10245e76608eba7af746"
            ],
            "version": "==2.3.2"
        },
        "graphql-relay": {
            "hashes": [
                "sha256:870b6b5304123a38a0b215a79eace021acce5a466bf40cd39fa18cb8528afabb",
                "sha256:ac514cb86db9a43014d7e73511d521137ac12cf0101b2eaa5f0a3da2e10d913d"
            ],
            "version": "==2.0.1"
        },
        "gunicorn": {
            "hashes": [
                "sha256:aa8e0b40b4157b36a5df5e599f45c9c76d6af43845ba3b3b0efe2c70473c2471",
                "sha256:fa2662097c66f920f53f70621c6c58ca4a3c4d3434205e608e121b5b3b71f4f3"
            ],
            "index": "pypi",
            "version": "==19.9.0"
        },
        "hashids": {
            "hashes": [
                "sha256:6539b892a426e75747a9c0ad69409e9566f9c21b79310fc3424b5b6726f28da6"
            ],
            "index": "pypi",
            "version": "==1.2.0"
        },
        "idna": {
            "hashes": [
                "sha256:c357b3f628cf53ae2c4c05627ecc484553142ca23264e593d327bcde5e9c3407",
                "sha256:ea8b7f6188e6fa117537c3df7da9fc686d485087abf6ac197f9c46432f7e4a3c"
            ],
            "version": "==2.8"
        },
        "netaddr": {
            "hashes": [
                "sha256:9666d0232c32d2656e5e5f8d735f58fd6c7457ce52fc21c98d45f2af78f990ac",
                "sha256:d6cc57c7a07b1d9d2e917aa8b36ae8ce61c35ba3fcd1b83ca31c5a0ee2b5a243"
            ],
            "version": "==0.8.0"
        },
        "oauthlib": {
            "hashes": [
                "sha256:8139f29aac13e25d502680e9e19963e83f16838d48a0d71c287fe40e7067fbca",
                "sha256:9859c40929662bec5d64f34d01c99e093149682a3f38915dc0655d5a633dd918"
            ],
            "markers": "python_version >= '3.6'",
            "version": "==3.2.2"
        },
        "promise": {
            "hashes": [
                "sha256:dfd18337c523ba4b6a58801c164c1904a9d4d1b1747c7d5dbf45b693a49d93d0"
            ],
            "version": "==2.3"
        },
        "psycopg2-binary": {
            "hashes": [
                "sha256:080c72714784989474f97be9ab0ddf7b2ad2984527e77f2909fcd04d4df53809",
                "sha256:110457be80b63ff4915febb06faa7be002b93a76e5ba19bf3f27636a2ef58598",
                "sha256:171352a03b22fc099f15103959b52ee77d9a27e028895d7e5fde127aa8e3bac5",
                "sha256:19d013e7b0817087517a4b3cab39c084d78898369e5c46258aab7be4f233d6a1",
                "sha256:249b6b21ae4eb0f7b8423b330aa80fab5f821b9ffc3f7561a5e2fd6bb142cf5d",
                "sha256:2ac0731d2d84b05c7bb39e85b7e123c3a0acd4cda631d8d542802c88deb9e87e",
                "sha256:2b6d561193f0dc3f50acfb22dd52ea8c8dfbc64bcafe3938b5f209cc17cb6f00",
                "sha256:2bd23e242e954214944481124755cbefe7c2cf563b1a54cd8d196d502f2578bf",
                "sha256:3e1239242ca60b3725e65ab2f13765fc199b03af9eaf1b5572f0e97bdcee5b43",
                "sha256:3eb70bb697abbe86b1d2b1316370c02ba320bfd1e9e35cf3b9566a855ea8e4e5",
                "sha256:51a2fc7e94b98bd1bb5d4570936f24fc2b0541b63eccadf8fdea266db8ad2f70",
                "sha256:52f1bdafdc764b7447e393ed39bb263eccb12bfda25a4ac06d82e3a9056251f6",
                "sha256:5b3581319a3951f1e866f4f6c5e42023db0fae0284273b82e97dfd32c51985cd",
                "sha256:63c1b66e3b2a3a336288e4bcec499e0dc310cd1dceaed1c46fa7419764c68877",
                "sha256:8123a99f24ecee469e5c1339427bcdb2a33920a18bb5c0d58b7c13f3b0298ba3",
                "sha256:85e699fcabe7f817c0f0a412d4e7c6627e00c412b418da7666ff353f38e30f67",
                "sha256:8dbff4557bbef963697583366400822387cccf794ccb001f1f2307ed21854c68",
                "sha256:908d21d08d6b81f1b7e056bbf40b2f77f8c499ab29e64ec5113052819ef1c89b",
                "sha256:af39d0237b17d0a5a5f638e9dffb34013ce2b1d41441fd30283e42b22d16858a",
                "sha256:af51bb9f055a3f4af0187149a8f60c9d516cf7d5565b3dac53358796a8fb2a5b",
                "sha256:b2ecac57eb49e461e86c092761e6b8e1fd9654dbaaddf71a076dcc869f7014e2",
                "sha256:cd37cc170678a4609becb26b53a2bc1edea65177be70c48dd7b39a1149cabd6e",
                "sha256:d17e3054b17e1a6cb8c1140f76310f6ede811e75b7a9d461922d2c72973f583e",
                "sha256:d305313c5a9695f40c46294d4315ed3a07c7d2b55e48a9010dad7db7a66c8b7f",
                "sha256:dd0ef0eb1f7dd18a3f4187226e226a7284bda6af5671937a221766e6ef1ee88f",
                "sha256:e1adff53b56db9905db48a972fb89370ad5736e0450b96f91bcf99cadd96cfd7",
                "sha256:f0d43828003c82dbc9269de87aa449e9896077a71954fbbb10a614c017e65737",
                "sha256:f78e8b487de4d92640105c1389e5b90be3496b1d75c90a666edd8737cc2dbab7"
            ],
            "index": "pypi",
            "version": "==2.8.3"
        },
        "pyjwt": {
            "hashes": [
                "sha256:69285c7e31fc44f68a1feb309e948e0df53259d579295e6cfe2b1792329f05fd",
                "sha256:d83c3d892a77bbb74d3e1a2cfa90afaadb60945205d1095d9221f04466f64c14"
            ],
            "markers": "python_version >= '3.7'",
            "version": "==2.6.0"
        },
        "python3-openid": {
            "hashes": [
                "sha256:33fbf6928f401e0b790151ed2b5290b02545e8775f982485205a066f874aaeaf",
                "sha256:6626f771e0417486701e0b4daff762e7212e820ca5b29fcc0d05f6f8736dfa6b"
            ],
            "version": "==3.2.0"
        },
        "pytz": {
            "hashes": [
                "sha256:222439474e9c98fced559f1709d89e6c9cbf8d79c794ff3eb9f8800064291427",
                "sha256:e89512406b793ca39f5971bc999cc538ce125c0e51c27941bef4568b460095e2"
            ],
            "version": "==2022.6"
        },
        "requests": {
            "hashes": [
                "sha256:11e007a8a2aa0323f5a921e9e6a2d7e4e67d9877e85773fba9ba6419025cbeb4",
                "sha256:9cf5292fcd0f598c671cfc1e0d7d1a7f13bb8085e9a590f48c010551dc6c4b31"
            ],
            "index": "pypi",
            "version": "==2.22.0"
        },
        "requests-oauthlib": {
            "hashes": [
                "sha256:2577c501a2fb8d05a304c09d090d6e47c306fef15809d102b327cf8364bddab5",
                "sha256:75beac4a47881eeb94d5ea5d6ad31ef88856affe2332b9aafb52c6452ccf0d7a"
            ],
            "markers": "python_version >= '2.7' and python_version not in '3.0, 3.1, 3.2, 3.3'",
            "version": "==1.3.1"
        },
        "rx": {
            "hashes": [
                "sha256:13a1d8d9e252625c173dc795471e614eadfe1cf40ffc684e08b8fff0d9748c23",
                "sha256:7357592bc7e881a95e0c2013b73326f704953301ab551fbc8133a6fadab84105"
            ],
            "version": "==1.6.1"
        },
        "sentry-sdk": {
            "hashes": [
                "sha256:d491aa6399eaa3eded433972751a9770180730fd8b4c225b0b7f49c4fa2af70b",
                "sha256:d68003cdffbbfcadaa2c445b72e1050b0a44406f94199866f192986c016b23f5"
            ],
            "index": "pypi",
            "version": "==0.10.2"
        },
        "singledispatch": {
            "hashes": [
                "sha256:bc77afa97c8a22596d6d4fc20f1b7bdd2b86edc2a65a4262bdd7cc3cc19aa989",
                "sha256:c1a4d5c1da310c3fd8fccfb8d4e1cb7df076148fd5d858a819e37fffe44f3092"
            ],
            "markers": "python_version >= '2.6'",
            "version": "==3.7.0"
        },
        "six": {
            "hashes": [
                "sha256:1e61c37477a1626458e36f7b1d82aa5c9b094fa4802892072e49de9c60c4c926",
                "sha256:8abb2f1d86890a2dfb989f9a77cfcfd3e47c2a354b01111771326f8aa26e0254"
            ],
            "markers": "python_version >= '2.7' and python_version not in '3.0, 3.1, 3.2, 3.3'",
            "version": "==1.16.0"
        },
        "sqlparse": {
            "hashes": [
                "sha256:0323c0ec29cd52bceabc1b4d9d579e311f3e4961b98d174201d5622a23b85e34",
                "sha256:69ca804846bb114d2ec380e4360a8a340db83f0ccf3afceeb1404df028f57268"
            ],
            "markers": "python_version >= '3.5'",
            "version": "==0.4.3"
        },
        "urllib3": {
            "hashes": [
                "sha256:8d7eaa5a82a1cac232164990f04874c594c9453ec55eef02eab885aa02fc17a2",
                "sha256:f5321fbe4bf3fefa0efd0bfe7fb14e90909eb62a48ccda331726b4319897dd5e"
            ],
            "markers": "python_version >= '2.7' and python_version not in '3.0, 3.1, 3.2, 3.3, 3.4' and python_version < '4'",
            "version": "==1.25.11"
        },
        "werkzeug": {
            "hashes": [
                "sha256:87ae4e5b5366da2347eb3116c0e6c681a0e939a33b2805e2c0cbd282664932c4",
                "sha256:a13b74dd3c45f758d4ebdb224be8f1ab8ef58b3c0ffc1783a8c7d9f4f50227e6"
            ],
            "index": "pypi",
            "version": "==0.15.5"
        }
    },
    "develop": {
        "appdirs": {
            "hashes": [
                "sha256:7d5d0167b2b1ba821647616af46a749d1c653740dd0d2415100fe26e27afdf41",
                "sha256:a841dacd6b99318a741b166adb07e19ee71a274450e68237b4650ca1055ab128"
            ],
            "version": "==1.4.4"
        },
        "attrs": {
            "hashes": [
                "sha256:29adc2665447e5191d0e7c568fde78b21f9672d344281d0c6e1ab085429b22b6",
                "sha256:86efa402f67bf2df34f51a335487cf46b1ec130d02b8d39fd248abfd30da551c"
            ],
            "markers": "python_version >= '3.5'",
            "version": "==22.1.0"
        },
        "backcall": {
            "hashes": [
                "sha256:5cbdbf27be5e7cfadb448baf0aa95508f91f2bbc6c6437cd9cd06e2a4c215e1e",
                "sha256:fbbce6a29f263178a1f7915c1940bde0ec2b2a967566fe1c65c1dfb7422bd255"
            ],
            "version": "==0.2.0"
        },
        "black": {
            "hashes": [
                "sha256:09a9dcb7c46ed496a9850b76e4e825d6049ecd38b611f1224857a79bd985a8cf",
                "sha256:68950ffd4d9169716bcb8719a56c07a2f4485354fec061cdd5910aa07369731c"
            ],
            "index": "pypi",
            "version": "==19.3b0"
        },
        "click": {
            "hashes": [
                "sha256:7682dc8afb30297001674575ea00d1814d808d6a36af415a82bd481d37ba7b8e",
                "sha256:bb4d8133cb15a609f44e8213d9b391b0809795062913b383c62be0ee95b1db48"
            ],
            "markers": "python_version >= '3.7'",
            "version": "==8.1.3"
        },
        "decorator": {
            "hashes": [
                "sha256:637996211036b6385ef91435e4fae22989472f9d571faba8927ba8253acbc330",
                "sha256:b8c3f85900b9dc423225913c5aace94729fe1fa9763b38939a95226f02d37186"
            ],
            "markers": "python_version >= '3.5'",
            "version": "==5.1.1"
        },
        "entrypoints": {
            "hashes": [
                "sha256:589f874b313739ad35be6e0cd7efde2a4e9b6fea91edcc34e58ecbb8dbe56d19",
                "sha256:c70dd71abe5a8c85e55e12c19bd91ccfeec11a6e99044204511f9ed547d48451"
            ],
            "markers": "python_version >= '2.7'",
            "version": "==0.3"
        },
        "fastdiff": {
            "hashes": [
                "sha256:4dfa09c47832a8c040acda3f1f55fc0ab4d666f0e14e6951e6da78d59acd945a",
                "sha256:ca5f61f6ddf5a1564ddfd98132ad28e7abe4a88a638a8b014a2214f71e5918ec"
            ],
            "version": "==0.3.0"
        },
        "flake8": {
            "hashes": [
                "sha256:19241c1cbc971b9962473e4438a2ca19749a7dd002dd1a946eaba171b4114548",
                "sha256:8e9dfa3cecb2400b3738a42c54c3043e821682b9c840b0448c0503f781130696"
            ],
            "index": "pypi",
            "version": "==3.7.8"
        },
        "ipython": {
            "hashes": [
                "sha256:1d3a1692921e932751bc1a1f7bb96dc38671eeefdc66ed33ee4cbc57e92a410e",
                "sha256:537cd0176ff6abd06ef3e23f2d0c4c2c8a4d9277b7451544c6cbf56d1c79a83d"
            ],
            "index": "pypi",
            "version": "==7.7.0"
        },
        "isort": {
            "hashes": [
                "sha256:54da7e92468955c4fceacd0c86bd0ec997b0e1ee80d97f67c35a78b719dccab1",
                "sha256:6e811fcb295968434526407adb8796944f1988c5b65e8139058f2014cbe100fd"
            ],
            "index": "pypi",
            "version": "==4.3.21"
        },
        "jedi": {
            "hashes": [
                "sha256:203c1fd9d969ab8f2119ec0a3342e0b49910045abe6af0a3ae83a5764d54639e",
                "sha256:bae794c30d07f6d910d32a7048af09b5a39ed740918da923c6b780790ebac612"
            ],
            "markers": "python_version >= '3.6'",
            "version": "==0.18.2"
        },
        "mccabe": {
            "hashes": [
                "sha256:ab8a6258860da4b6677da4bd2fe5dc2c659cff31b3ee4f7f5d64e79735b80d42",
                "sha256:dd8d182285a0fe56bace7f45b5e7d1a6ebcbf524e8f3bd87eb0f125271b8831f"
            ],
            "version": "==0.6.1"
        },
        "parso": {
            "hashes": [
                "sha256:8c07be290bb59f03588915921e29e8a50002acaf2cdc5fa0e0114f91709fafa0",
                "sha256:c001d4636cd3aecdaf33cbb40aebb59b094be2a74c556778ef5576c175e19e75"
            ],
            "markers": "python_version >= '3.6'",
            "version": "==0.8.3"
        },
        "pexpect": {
            "hashes": [
                "sha256:0b48a55dcb3c05f3329815901ea4fc1537514d6ba867a152b581d69ae3710937",
                "sha256:fc65a43959d153d0114afe13997d439c22823a27cefceb5ff35c2178c6784c0c"
            ],
            "markers": "sys_platform != 'win32'",
            "version": "==4.8.0"
        },
        "pickleshare": {
            "hashes": [
                "sha256:87683d47965c1da65cdacaf31c8441d12b8044cdec9aca500cd78fc2c683afca",
                "sha256:9649af414d74d4df115d5d718f82acb59c9d418196b7b4290ed47a12ce62df56"
            ],
            "version": "==0.7.5"
        },
        "prompt-toolkit": {
            "hashes": [
                "sha256:46642344ce457641f28fc9d1c9ca939b63dadf8df128b86f1b9860e59c73a5e4",
                "sha256:e7f8af9e3d70f514373bf41aa51bc33af12a6db3f71461ea47fea985defb2c31",
                "sha256:f15af68f66e664eaa559d4ac8a928111eebd5feda0c11738b5998045224829db"
            ],
            "version": "==2.0.10"
        },
        "ptyprocess": {
            "hashes": [
                "sha256:4b41f3967fce3af57cc7e94b888626c18bf37a083e3651ca8feeb66d492fef35",
                "sha256:5c5d0a3b48ceee0b48485e0c26037c0acd7d29765ca3fbb5cb3831d347423220"
            ],
            "version": "==0.7.0"
        },
        "pycodestyle": {
            "hashes": [
                "sha256:95a2219d12372f05704562a14ec30bc76b05a5b297b21a5dfe3f6fac3491ae56",
                "sha256:e40a936c9a450ad81df37f549d676d127b1b66000a6c500caa2b085bc0ca976c"
            ],
            "markers": "python_version >= '2.7' and python_version not in '3.0, 3.1, 3.2, 3.3'",
            "version": "==2.5.0"
        },
        "pyflakes": {
            "hashes": [
                "sha256:17dbeb2e3f4d772725c777fabc446d5634d1038f234e77343108ce445ea69ce0",
                "sha256:d976835886f8c5b31d47970ed689944a0262b5f3afa00a5a7b4dc81e5449f8a2"
            ],
            "markers": "python_version >= '2.7' and python_version not in '3.0, 3.1, 3.2, 3.3'",
            "version": "==2.1.1"
        },
        "pygments": {
            "hashes": [
                "sha256:56a8508ae95f98e2b9bdf93a6be5ae3f7d8af858b43e02c5a2ff083726be40c1",
                "sha256:f643f331ab57ba3c9d89212ee4a2dabc6e94f117cf4eefde99a0574720d14c42"
            ],
            "markers": "python_version >= '3.6'",
            "version": "==2.13.0"
        },
        "setuptools": {
            "hashes": [
                "sha256:57f6f22bde4e042978bcd50176fdb381d7c21a9efa4041202288d3737a0c6a54",
                "sha256:a7620757bf984b58deaf32fc8a4577a9bbc0850cf92c20e1ce41c38c19e5fb75"
            ],
            "markers": "python_version >= '3.7'",
            "version": "==65.6.3"
        },
        "six": {
            "hashes": [
                "sha256:1e61c37477a1626458e36f7b1d82aa5c9b094fa4802892072e49de9c60c4c926",
                "sha256:8abb2f1d86890a2dfb989f9a77cfcfd3e47c2a354b01111771326f8aa26e0254"
            ],
            "markers": "python_version >= '2.7' and python_version not in '3.0, 3.1, 3.2, 3.3'",
            "version": "==1.16.0"
        },
        "snapshottest": {
            "hashes": [
                "sha256:2cc7157e77674ea8ebeb2351466ff50cd4b5ad8e213adc06df9c16a75ab5bafc"
            ],
            "index": "pypi",
            "version": "==0.5.1"
        },
        "termcolor": {
            "hashes": [
                "sha256:67cee2009adc6449c650f6bcf3bdeed00c8ba53a8cda5362733c53e0a39fb70b",
                "sha256:fa852e957f97252205e105dd55bbc23b419a70fec0085708fc0515e399f304fd"
            ],
            "markers": "python_version >= '3.7'",
            "version": "==2.1.1"
        },
        "toml": {
            "hashes": [
                "sha256:806143ae5bfb6a3c6e736a764057db0e6a0e05e338b5630894a5f779cabb4f9b",
                "sha256:b3bda1d108d5dd99f4a20d24d9c348e91c4db7ab1b749200bded2f839ccbe68f"
            ],
            "markers": "python_version >= '2.6' and python_version not in '3.0, 3.1, 3.2, 3.3'",
            "version": "==0.10.2"
        },
        "traitlets": {
            "hashes": [
                "sha256:10b6ed1c9cedee83e795db70a8b9c2db157bb3778ec4587a349ecb7ef3b1033b",
                "sha256:1410755385d778aed847d68deb99b3ba30fbbf489e17a1e8cbb753060d5cce73"
            ],
            "markers": "python_version >= '3.7'",
            "version": "==5.6.0"
        },
        "wasmer": {
            "hashes": [
                "sha256:1e63d16bd6e2e2272d8721647831de5c537e0bb08002ee6d7abf167ec02d5178",
                "sha256:20b5190112e2e94a8947967f2bc683c9685855d0f34130d8434c87a55216a3bd",
                "sha256:214d9a3cfb577ea9449eb2b5f13adceae34c55365e4c3d930066beb86a7f67bc",
                "sha256:2caf8c67feae9cd4246421551036917811c446da4f27ad4c989521ef42751931",
                "sha256:85e6a5bf44853e8e6a12e947ee3412da9e84f7ce49fc165ba5dbd293e9c5c405",
                "sha256:a0a4730ec4907a4cb0d9d4a77ea2608c2c814f22a22b73fc80be0f110e014836",
                "sha256:a182a6eca9b46d895b4985fc822fab8da3d2f84fab74ca27e55a7430a7fcf336",
                "sha256:aa112198b743cff2e391230436813fb4b244a24443e37866522b7197e3a034da",
                "sha256:ab1ae980021e5ec0bf0c6cdd3b979b1d15a5f3eb2b8a32da8dcb1156e4a1e484",
                "sha256:b9e5605552bd7d2bc6337519b176defe83bc69b98abf3caaaefa4f7ec231d18a",
                "sha256:c0b37117f6d3ff51ee96431c7d224d99799b08d174e30fcd0fcd7e2e3cb8140c",
                "sha256:c2af4b907ae2dabcac41e316e811d5937c93adf1f8b05c5d49427f8ce0f37630",
                "sha256:d0d93aec6215893d33e803ef0a8d37bf948c585dd80ba0e23a83fafee820bc03",
                "sha256:ee442f0970f40ec5e32011c92fd753fb2061da0faa13de13fafc730c31be34e3"
            ],
            "version": "==1.1.0"
        },
        "wasmer-compiler-cranelift": {
            "hashes": [
                "sha256:157d87cbd1d04adbad55b50cb4bedc28e444caf74797fd96df17390667e58699",
                "sha256:200fea80609cfb088457327acf66d5aa61f4c4f66b5a71133ada960b534c7355",
                "sha256:2a4349b1ddd727bd46bc5ede741839dcfc5153c52f064a83998c4150d5d4a85c",
                "sha256:32fe38614fccc933da77ee4372904a5fa9c12b859209a2e4048a8284c4c371f2",
                "sha256:405546ee864ac158a4107f374dfbb1c8d6cfb189829bdcd13050143a4bd98f28",
                "sha256:447285402e366a34667a674db70458c491acd6940b797c175c0b0027f48e64bb",
                "sha256:55a524985179f6b7b88ac973e8fac5a2574d3b125a966fba75fedd5a2525e484",
                "sha256:7d9c782b7721789b16e303b7e70c59df370896dd62b77e2779e3a44b4e1aa20c",
                "sha256:9697ae082317a56776df8ff7df8c922eac38488ef38d3478fe5f0ca144c185ab",
                "sha256:9869910179f39696a020edc5689f7759257ac1cce569a7a0fcf340c59788baad",
                "sha256:bd03db5a916ead51b442c66acad38847dfe127cf90b2019b1680f1920c4f8d06",
                "sha256:bdf75af9ef082e6aeb752550f694273340ece970b65099e0746db0f972760d11",
                "sha256:ff25fc99ebafa04a6c271d08a90d17b927930e3019a2b333c7cfb48ba32c6f71",
                "sha256:ff7dd5bd69030b63521c24583bf0f5457cd2580237340b91ce35370f72a4a1cc"
            ],
            "version": "==1.1.0"
        },
        "wcwidth": {
            "hashes": [
                "sha256:beb4802a9cebb9144e99086eff703a642a13d6a0052920003a230f3294bbe784",
                "sha256:c4d647b99872929fdb7bdcaa4fbe7f01413ed3d98077df798530e5b04f116c83"
            ],
            "version": "==0.2.5"
        }
    }
}
