{
    "_meta": {
        "hash": {
            "sha256": "7e23eebac5204c651ef951ee66bc8cddaf940792cda8520ef8d4a12f7ea60edf"
        },
        "pipfile-spec": 6,
        "requires": {},
        "sources": [
            {
                "name": "pypi",
                "url": "https://pypi.python.org/simple",
                "verify_ssl": true
            }
        ]
    },
    "default": {
        "aniso8601": {
            "hashes": [
                "sha256:7cf068e7aec00edeb21879c2bbda048656c34d281e133a77425be03b352122d8",
                "sha256:f7052eb342bf2000c6264a253acedb362513bf9270800be2bc8e3e229fe08b5a"
            ],
            "version": "==3.0.0"
        },
        "certifi": {
            "hashes": [
                "sha256:14131608ad2fd56836d33a71ee60fa1c82bc9d2c8d98b7bdbc631fe1b3cd1296",
                "sha256:edbc3f203427eef571f79a7692bb160a2b0f7ccaa31953e99bd17e307cf63f7d"
            ],
            "version": "==2018.1.18"
        },
        "chardet": {
            "hashes": [
                "sha256:84ab92ed1c4d4f16916e05906b6b75a6c0fb5db821cc65e70cbd64a3e2a5eaae",
                "sha256:fc323ffcaeaed0e0a02bf4d117757b98aed530d9ed4531e3e15460124c106691"
            ],
            "version": "==3.0.4"
        },
        "confusable-homoglyphs": {
            "hashes": [
                "sha256:2dc772701291bd8343abd0dca01453b970a998a9dc7fc4be558d91472100e02e",
                "sha256:4f5d42df30ba461281634ed9b3ad8303a0e94a13d28a7b225523ca9b9b29b65b"
            ],
            "version": "==3.0.0"
        },
        "defusedxml": {
            "hashes": [
                "sha256:24d7f2f94f7f3cb6061acb215685e5125fbcdc40a857eff9de22518820b0a4f4",
                "sha256:702a91ade2968a82beb0db1e0766a6a273f33d4616a6ce8cde475d8e09853b20"
            ],
            "version": "==0.5.0"
        },
        "django": {
            "hashes": [
                "sha256:056fe5b9e1f8f7fed9bb392919d64f6b33b3a71cfb0f170a90ee277a6ed32bc2",
                "sha256:4d398c7b02761e234bbde490aea13ea94cb539ceeb72805b72303f348682f2eb"
            ],
            "index": "pypi",
            "version": "==1.11.12"
        },
        "django-allauth": {
            "hashes": [
                "sha256:7b31526cccd1c46f9f09acf0703068e8a9669337d29eb065f7e8143c2d897339"
            ],
            "index": "pypi",
            "version": "==0.35.0"
        },
        "django-cors-headers": {
            "hashes": [
                "sha256:0e9532628b3aa8806442d4d0b15e56112e6cfbef3735e13401935c98b842a2b4",
                "sha256:c7ec4816ec49416517b84f317499d1519db62125471922ab78d670474ed9b987"
            ],
            "index": "pypi",
            "version": "==2.2.0"
        },
        "django-extensions": {
            "hashes": [
                "sha256:37a543af370ee3b0721ff50442d33c357dd083e6ea06c5b94a199283b6f9e361",
                "sha256:bc9f2946c117bb2f49e5e0633eba783787790ae810ea112fe7fd82fa64de2ff1"
            ],
            "index": "pypi",
            "version": "==2.0.6"
        },
        "django-filter": {
            "hashes": [
                "sha256:ea204242ea83790e1512c9d0d8255002a652a6f4986e93cee664f28955ba0c22",
                "sha256:ec0ef1ba23ef95b1620f5d481334413700fb33f45cd76d56a63f4b0b1d76976a"
            ],
            "index": "pypi",
            "version": "==1.1.0"
        },
        "django-registration": {
            "hashes": [
                "sha256:667b4fb49447227b62ff76693697d77acb85cadb87129fd1cb94481971e76c51",
                "sha256:d446eec9dbab12f5a98baa1af6c1db08b56b66eec047dbadf8bec09ce2787a95"
            ],
            "index": "pypi",
            "version": "==2.4.1"
        },
        "django-rest-auth": {
            "hashes": [
                "sha256:ad155a0ed1061b32e3e46c9b25686e397644fd6acfd35d5c03bc6b9d2fc6c82a"
            ],
            "index": "pypi",
            "version": "==0.9.3"
        },
        "django-rest-framework": {
            "hashes": [
                "sha256:47a8f496fa69e3b6bd79f68dd7a1527d907d6b77f009e9db7cf9bb21cc565e4a"
            ],
            "index": "pypi",
            "version": "==0.1.0"
        },
        "djangorestframework": {
            "hashes": [
                "sha256:b6714c3e4b0f8d524f193c91ecf5f5450092c2145439ac2769711f7eba89a9d9",
                "sha256:c375e4f95a3a64fccac412e36fb42ba36881e52313ec021ef410b40f67cddca4"
            ],
            "index": "pypi",
            "version": "==3.8.2"
        },
        "djangorestframework-jwt": {
            "hashes": [
                "sha256:5efe33032f3a4518a300dc51a51c92145ad95fb6f4b272e5aa24701db67936a7",
                "sha256:ab15dfbbe535eede8e2e53adaf52ef0cf018ee27dbfad10cbc4cbec2ab63d38c"
            ],
            "index": "pypi",
            "version": "==1.11.0"
        },
        "graphene": {
            "hashes": [
                "sha256:cf8c7fd4dc74c959a44cd817d9e1b07abad185bbf586aac1f75650c1abdd5d31",
                "sha256:dc95daa3f808fa1c1b26b780d103216a3d562eb95f72744a054b5bf6609d5c5c"
            ],
            "index": "pypi",
            "version": "==2.1"
        },
        "graphene-django": {
            "hashes": [
                "sha256:5cabf46b59f242a533fe1df1912c87d5ad6606246937609be2e6c9086cfdf7a4",
                "sha256:70d9358bc48c806b6a9458e8344f0a1211cd1f1ef923a092aa55e6bcacc2c3fc"
            ],
            "index": "pypi",
            "version": "==2.0.0"
        },
        "graphql-core": {
            "hashes": [
                "sha256:4830699be53f9154273fa15726fc8b0c90bc22bbb8fc7c932586503b3cb9330e",
                "sha256:539355351343dede3ecb771e0d273a1b72405cb6d64f45bb8f92ecc4d7109af0"
            ],
            "version": "==2.0"
        },
        "graphql-relay": {
            "hashes": [
                "sha256:2716b7245d97091af21abf096fabafac576905096d21ba7118fba722596f65db"
            ],
            "version": "==0.4.5"
        },
        "hashids": {
            "hashes": [
                "sha256:6539b892a426e75747a9c0ad69409e9566f9c21b79310fc3424b5b6726f28da6"
            ],
            "index": "pypi",
            "version": "==1.2.0"
        },
        "idna": {
            "hashes": [
                "sha256:2c6a5de3089009e3da7c5dde64a141dbc8551d5b7f6cf4ed7c2568d0cc520a8f",
                "sha256:8c7309c718f94b3a625cb648ace320157ad16ff131ae0af362c9f21b80ef6ec4"
            ],
            "version": "==2.6"
        },
        "iso8601": {
            "hashes": [
                "sha256:210e0134677cc0d02f6028087fee1df1e1d76d372ee1db0bf30bf66c5c1c89a3",
                "sha256:49c4b20e1f38aa5cf109ddcd39647ac419f928512c869dc01d5c7098eddede82",
                "sha256:bbbae5fb4a7abfe71d4688fd64bff70b91bbd74ef6a99d964bab18f7fdf286dd"
            ],
            "version": "==0.1.12"
        },
        "oauthlib": {
            "hashes": [
                "sha256:09d438bcac8f004ae348e721e9d8a7792a9e23cd574634e973173344046287f5",
                "sha256:909665297635fa11fe9914c146d875f2ed41c8c2d78e21a529dd71c0ba756508"
            ],
            "version": "==2.0.7"
        },
        "promise": {
            "hashes": [
                "sha256:0bca4ed933e3d50e3d18fb54fc1432fa84b0564838cd093e824abcd718ab9304",
                "sha256:95506bac89df7a495e0b8c813fd782dd1ae590decb52f95248e316c6659ca49b"
            ],
            "version": "==2.1"
        },
        "pyjwt": {
            "hashes": [
                "sha256:bca523ef95586d3a8a5be2da766fe6f82754acba27689c984e28e77a12174593",
                "sha256:dacba5786fe3bf1a0ae8673874e29f9ac497860955c501289c63b15d3daae63a"
            ],
            "version": "==1.6.1"
        },
        "python3-openid": {
            "hashes": [
                "sha256:0086da6b6ef3161cfe50fb1ee5cceaf2cda1700019fda03c2c5c440ca6abe4fa",
                "sha256:628d365d687e12da12d02c6691170f4451db28d6d68d050007e4a40065868502"
            ],
            "version": "==3.1.0"
        },
        "pytz": {
            "hashes": [
                "sha256:07edfc3d4d2705a20a6e99d97f0c4b61c800b8232dc1c04d87e8554f130148dd",
                "sha256:3a47ff71597f821cd84a162e71593004286e5be07a340fd462f0d33a760782b5",
                "sha256:410bcd1d6409026fbaa65d9ed33bf6dd8b1e94a499e32168acfc7b332e4095c0",
                "sha256:5bd55c744e6feaa4d599a6cbd8228b4f8f9ba96de2c38d56f08e534b3c9edf0d",
                "sha256:61242a9abc626379574a166dc0e96a66cd7c3b27fc10868003fa210be4bff1c9",
                "sha256:887ab5e5b32e4d0c86efddd3d055c1f363cbaa583beb8da5e22d2fa2f64d51ef",
                "sha256:ba18e6a243b3625513d85239b3e49055a2f0318466e0b8a92b8fb8ca7ccdf55f",
                "sha256:ed6509d9af298b7995d69a440e2822288f2eca1681b8cce37673dbb10091e5fe",
                "sha256:f93ddcdd6342f94cea379c73cddb5724e0d6d0a1c91c9bdef364dc0368ba4fda"
            ],
            "version": "==2018.3"
        },
        "requests": {
            "hashes": [
                "sha256:6a1b267aa90cac58ac3a765d067950e7dbbf75b1da07e895d1f594193a40a38b",
                "sha256:9c443e7324ba5b85070c4a818ade28bfabedf16ea10206da1132edaa6dda237e"
            ],
            "version": "==2.18.4"
        },
        "requests-oauthlib": {
            "hashes": [
                "sha256:50a8ae2ce8273e384895972b56193c7409601a66d4975774c60c2aed869639ca",
                "sha256:883ac416757eada6d3d07054ec7092ac21c7f35cb1d2cf82faf205637081f468"
            ],
            "version": "==0.8.0"
        },
        "rx": {
            "hashes": [
                "sha256:13a1d8d9e252625c173dc795471e614eadfe1cf40ffc684e08b8fff0d9748c23",
                "sha256:7357592bc7e881a95e0c2013b73326f704953301ab551fbc8133a6fadab84105"
            ],
            "version": "==1.6.1"
        },
        "singledispatch": {
            "hashes": [
                "sha256:5b06af87df13818d14f08a028e42f566640aef80805c3b50c5056b086e3c2b9c",
                "sha256:833b46966687b3de7f438c761ac475213e53b306740f1abfaa86e1d1aae56aa8"
            ],
            "version": "==3.4.0.3"
        },
        "six": {
            "hashes": [
                "sha256:70e8a77beed4562e7f14fe23a786b54f6296e34344c23bc42f07b15018ff98e9",
                "sha256:832dc0e10feb1aa2c68dcc57dbb658f1c7e65b9b61af69048abc87a2db00a0eb"
            ],
            "version": "==1.11.0"
        },
        "typing": {
            "hashes": [
                "sha256:3a887b021a77b292e151afb75323dea88a7bc1b3dfa92176cff8e44c8b68bddf",
                "sha256:b2c689d54e1144bbcfd191b0832980a21c2dbcf7b5ff7a66248a60c90e951eb8",
                "sha256:d400a9344254803a2368533e4533a4200d21eb7b6b729c173bc38201a74db3f2"
            ],
            "version": "==3.6.4"
        },
        "urllib3": {
            "hashes": [
                "sha256:06330f386d6e4b195fbfc736b297f58c5a892e4440e54d294d7004e3a9bbea1b",
                "sha256:cc44da8e1145637334317feebd728bd869a35285b93cbb4cca2577da7e62db4f"
            ],
            "version": "==1.22"
        },
        "werkzeug": {
            "hashes": [
                "sha256:c3fd7a7d41976d9f44db327260e263132466836cef6f91512889ed60ad26557c",
                "sha256:d5da73735293558eb1651ee2fddc4d0dedcfa06538b8813a2e20011583c9e49b"
            ],
            "index": "pypi",
            "version": "==0.14.1"
        }
    },
    "develop": {}
}
